
Microsoft Visual Studio Solution File, Format Version 12.00
# Visual Studio Version 17
VisualStudioVersion = 17.0.31903.59
MinimumVisualStudioVersion = 10.0.40219.1
Project("{FAE04EC0-301F-11D3-BF4B-00C04F79EFBC}") = "CaseIntegracao.Api", "CaseIntegracao.Api\CaseIntegracao.Api.csproj", "{916773E9-E067-4BD0-B556-ED756809A500}"
EndProject
Project("{FAE04EC0-301F-11D3-BF4B-00C04F79EFBC}") = "CaseIntegracao.Tests", "CaseIntegracao.Tests\CaseIntegracao.Tests.csproj", "{A391A76B-0F9C-43CF-ADB5-E7247983F933}"
EndProject
Project("{FAE04EC0-301F-11D3-BF4B-00C04F79EFBC}") = "CaseIntegracao.Core", "CaseIntegracao.Core\CaseIntegracao.Core.csproj", "{53C210C4-71FC-4E88-AD0F-ACEB3D3CAFA5}"
EndProject
Global
	GlobalSection(SolutionConfigurationPlatforms) = preSolution
		Debug|Any CPU = Debug|Any CPU
		Debug|x64 = Debug|x64
		Debug|x86 = Debug|x86
		Release|Any CPU = Release|Any CPU
		Release|x64 = Release|x64
		Release|x86 = Release|x86
	EndGlobalSection
	GlobalSection(ProjectConfigurationPlatforms) = postSolution
		{916773E9-E067-4BD0-B556-ED756809A500}.Debug|Any CPU.ActiveCfg = Debug|Any CPU
		{916773E9-E067-4BD0-B556-ED756809A500}.Debug|Any CPU.Build.0 = Debug|Any CPU
		{916773E9-E067-4BD0-B556-ED756809A500}.Debug|x64.ActiveCfg = Debug|Any CPU
		{916773E9-E067-4BD0-B556-ED756809A500}.Debug|x64.Build.0 = Debug|Any CPU
		{916773E9-E067-4BD0-B556-ED756809A500}.Debug|x86.ActiveCfg = Debug|Any CPU
		{916773E9-E067-4BD0-B556-ED756809A500}.Debug|x86.Build.0 = Debug|Any CPU
		{916773E9-E067-4BD0-B556-ED756809A500}.Release|Any CPU.ActiveCfg = Release|Any CPU
		{916773E9-E067-4BD0-B556-ED756809A500}.Release|Any CPU.Build.0 = Release|Any CPU
		{916773E9-E067-4BD0-B556-ED756809A500}.Release|x64.ActiveCfg = Release|Any CPU
		{916773E9-E067-4BD0-B556-ED756809A500}.Release|x64.Build.0 = Release|Any CPU
		{916773E9-E067-4BD0-B556-ED756809A500}.Release|x86.ActiveCfg = Release|Any CPU
		{916773E9-E067-4BD0-B556-ED756809A500}.Release|x86.Build.0 = Release|Any CPU
		{A391A76B-0F9C-43CF-ADB5-E7247983F933}.Debug|Any CPU.ActiveCfg = Debug|Any CPU
		{A391A76B-0F9C-43CF-ADB5-E7247983F933}.Debug|Any CPU.Build.0 = Debug|Any CPU
		{A391A76B-0F9C-43CF-ADB5-E7247983F933}.Debug|x64.ActiveCfg = Debug|Any CPU
		{A391A76B-0F9C-43CF-ADB5-E7247983F933}.Debug|x64.Build.0 = Debug|Any CPU
		{A391A76B-0F9C-43CF-ADB5-E7247983F933}.Debug|x86.ActiveCfg = Debug|Any CPU
		{A391A76B-0F9C-43CF-ADB5-E7247983F933}.Debug|x86.Build.0 = Debug|Any CPU
		{A391A76B-0F9C-43CF-ADB5-E7247983F933}.Release|Any CPU.ActiveCfg = Release|Any CPU
		{A391A76B-0F9C-43CF-ADB5-E7247983F933}.Release|Any CPU.Build.0 = Release|Any CPU
		{A391A76B-0F9C-43CF-ADB5-E7247983F933}.Release|x64.ActiveCfg = Release|Any CPU
		{A391A76B-0F9C-43CF-ADB5-E7247983F933}.Release|x64.Build.0 = Release|Any CPU
		{A391A76B-0F9C-43CF-ADB5-E7247983F933}.Release|x86.ActiveCfg = Release|Any CPU
		{A391A76B-0F9C-43CF-ADB5-E7247983F933}.Release|x86.Build.0 = Release|Any CPU
		{53C210C4-71FC-4E88-AD0F-ACEB3D3CAFA5}.Debug|Any CPU.ActiveCfg = Debug|Any CPU
		{53C210C4-71FC-4E88-AD0F-ACEB3D3CAFA5}.Debug|Any CPU.Build.0 = Debug|Any CPU
		{53C210C4-71FC-4E88-AD0F-ACEB3D3CAFA5}.Debug|x64.ActiveCfg = Debug|Any CPU
		{53C210C4-71FC-4E88-AD0F-ACEB3D3CAFA5}.Debug|x64.Build.0 = Debug|Any CPU
		{53C210C4-71FC-4E88-AD0F-ACEB3D3CAFA5}.Debug|x86.ActiveCfg = Debug|Any CPU
		{53C210C4-71FC-4E88-AD0F-ACEB3D3CAFA5}.Debug|x86.Build.0 = Debug|Any CPU
		{53C210C4-71FC-4E88-AD0F-ACEB3D3CAFA5}.Release|Any CPU.ActiveCfg = Release|Any CPU
		{53C210C4-71FC-4E88-AD0F-ACEB3D3CAFA5}.Release|Any CPU.Build.0 = Release|Any CPU
		{53C210C4-71FC-4E88-AD0F-ACEB3D3CAFA5}.Release|x64.ActiveCfg = Release|Any CPU
		{53C210C4-71FC-4E88-AD0F-ACEB3D3CAFA5}.Release|x64.Build.0 = Release|Any CPU
		{53C210C4-71FC-4E88-AD0F-ACEB3D3CAFA5}.Release|x86.ActiveCfg = Release|Any CPU
		{53C210C4-71FC-4E88-AD0F-ACEB3D3CAFA5}.Release|x86.Build.0 = Release|Any CPU
	EndGlobalSection
	GlobalSection(SolutionProperties) = preSolution
		HideSolutionNode = FALSE
	EndGlobalSection
EndGlobal
